
Microsoft Visual Studio Solution File, Format Version 12.00
# Visual Studio Version 17
VisualStudioVersion = 17.7.34018.315
MinimumVisualStudioVersion = 10.0.40219.1
Project("{FAE04EC0-301F-11D3-BF4B-00C04F79EFBC}") = "RiceCookerProject", "RiceCookerProject.csproj", "{74D0E405-0706-4007-B8B3-8E9FF4208563}"
EndProject
Project("{FAE04EC0-301F-11D3-BF4B-00C04F79EFBC}") = "RiceCookerProject.Tests", "..\RiceCookerProject.Tests\RiceCookerProject.Tests.csproj", "{82FCEEEF-D006-4343-9330-1D5E9DBE7F91}"
EndProject
Global
	GlobalSection(SolutionConfigurationPlatforms) = preSolution
		Debug|Any CPU = Debug|Any CPU
		Release|Any CPU = Release|Any CPU
	EndGlobalSection
	GlobalSection(ProjectConfigurationPlatforms) = postSolution
		{74D0E405-0706-4007-B8B3-8E9FF4208563}.Debug|Any CPU.ActiveCfg = Debug|Any CPU
		{74D0E405-0706-4007-B8B3-8E9FF4208563}.Debug|Any CPU.Build.0 = Debug|Any CPU
		{74D0E405-0706-4007-B8B3-8E9FF4208563}.Release|Any CPU.ActiveCfg = Release|Any CPU
		{74D0E405-0706-4007-B8B3-8E9FF4208563}.Release|Any CPU.Build.0 = Release|Any CPU
		{82FCEEEF-D006-4343-9330-1D5E9DBE7F91}.Debug|Any CPU.ActiveCfg = Debug|Any CPU
		{82FCEEEF-D006-4343-9330-1D5E9DBE7F91}.Debug|Any CPU.Build.0 = Debug|Any CPU
		{82FCEEEF-D006-4343-9330-1D5E9DBE7F91}.Release|Any CPU.ActiveCfg = Release|Any CPU
		{82FCEEEF-D006-4343-9330-1D5E9DBE7F91}.Release|Any CPU.Build.0 = Release|Any CPU
	EndGlobalSection
	GlobalSection(SolutionProperties) = preSolution
		HideSolutionNode = FALSE
	EndGlobalSection
	GlobalSection(ExtensibilityGlobals) = postSolution
		SolutionGuid = {1DC1AB3A-CD5F-4339-B30C-51271FA9A0FE}
	EndGlobalSection
EndGlobal
